
Microsoft Visual Studio Solution File, Format Version 12.00
# Visual Studio Version 17
VisualStudioVersion = 17.4.33213.308
MinimumVisualStudioVersion = 10.0.40219.1
Project("{FAE04EC0-301F-11D3-BF4B-00C04F79EFBC}") = "ExamenProgDillan", "ExamenProgDillan\ExamenProgDillan.csproj", "{355F14E5-5768-42D5-A24C-9E76396D06F5}"
EndProject
Global
	GlobalSection(SolutionConfigurationPlatforms) = preSolution
		Debug|Any CPU = Debug|Any CPU
		Release|Any CPU = Release|Any CPU
	EndGlobalSection
	GlobalSection(ProjectConfigurationPlatforms) = postSolution
		{355F14E5-5768-42D5-A24C-9E76396D06F5}.Debug|Any CPU.ActiveCfg = Debug|Any CPU
		{355F14E5-5768-42D5-A24C-9E76396D06F5}.Debug|Any CPU.Build.0 = Debug|Any CPU
		{355F14E5-5768-42D5-A24C-9E76396D06F5}.Release|Any CPU.ActiveCfg = Release|Any CPU
		{355F14E5-5768-42D5-A24C-9E76396D06F5}.Release|Any CPU.Build.0 = Release|Any CPU
	EndGlobalSection
	GlobalSection(SolutionProperties) = preSolution
		HideSolutionNode = FALSE
	EndGlobalSection
	GlobalSection(ExtensibilityGlobals) = postSolution
		SolutionGuid = {6A4EB5E2-35A2-47FF-A1A5-6C9196451DA1}
	EndGlobalSection
EndGlobal
